// !$*UTF8*$!
{
	archiveVersion = 1;
	classes = {
	};
	objectVersion = 46;
	objects = {

/* Begin PBXBuildFile section */
		FE61555E1DF4D3A900BDDBE0 /* AppDelegate.swift in Sources */ = {isa = PBXBuildFile; fileRef = FE61555D1DF4D3A900BDDBE0 /* AppDelegate.swift */; };
		FE6155601DF4D3A900BDDBE0 /* CameraVC.swift in Sources */ = {isa = PBXBuildFile; fileRef = FE61555F1DF4D3A900BDDBE0 /* CameraVC.swift */; };
		FE6155631DF4D3A900BDDBE0 /* Main.storyboard in Resources */ = {isa = PBXBuildFile; fileRef = FE6155611DF4D3A900BDDBE0 /* Main.storyboard */; };
		FE6155651DF4D3A900BDDBE0 /* Assets.xcassets in Resources */ = {isa = PBXBuildFile; fileRef = FE6155641DF4D3A900BDDBE0 /* Assets.xcassets */; };
		FE6155681DF4D3A900BDDBE0 /* LaunchScreen.storyboard in Resources */ = {isa = PBXBuildFile; fileRef = FE6155661DF4D3A900BDDBE0 /* LaunchScreen.storyboard */; };
		FE61557A1DF4DC1B00BDDBE0 /* AAPLCameraViewController.m in Sources */ = {isa = PBXBuildFile; fileRef = FE6155771DF4DC1B00BDDBE0 /* AAPLCameraViewController.m */; };
		FE61557B1DF4DC1B00BDDBE0 /* AAPLPreviewView.m in Sources */ = {isa = PBXBuildFile; fileRef = FE6155791DF4DC1B00BDDBE0 /* AAPLPreviewView.m */; };
/* End PBXBuildFile section */

/* Begin PBXFileReference section */
		FE61555A1DF4D3A900BDDBE0 /* PomChat.app */ = {isa = PBXFileReference; explicitFileType = wrapper.application; includeInIndex = 0; path = PomChat.app; sourceTree = BUILT_PRODUCTS_DIR; };
		FE61555D1DF4D3A900BDDBE0 /* AppDelegate.swift */ = {isa = PBXFileReference; lastKnownFileType = sourcecode.swift; path = AppDelegate.swift; sourceTree = "<group>"; };
		FE61555F1DF4D3A900BDDBE0 /* CameraVC.swift */ = {isa = PBXFileReference; lastKnownFileType = sourcecode.swift; path = CameraVC.swift; sourceTree = "<group>"; };
		FE6155621DF4D3A900BDDBE0 /* Base */ = {isa = PBXFileReference; lastKnownFileType = file.storyboard; name = Base; path = Base.lproj/Main.storyboard; sourceTree = "<group>"; };
		FE6155641DF4D3A900BDDBE0 /* Assets.xcassets */ = {isa = PBXFileReference; lastKnownFileType = folder.assetcatalog; path = Assets.xcassets; sourceTree = "<group>"; };
		FE6155671DF4D3A900BDDBE0 /* Base */ = {isa = PBXFileReference; lastKnownFileType = file.storyboard; name = Base; path = Base.lproj/LaunchScreen.storyboard; sourceTree = "<group>"; };
		FE6155691DF4D3A900BDDBE0 /* Info.plist */ = {isa = PBXFileReference; lastKnownFileType = text.plist.xml; path = Info.plist; sourceTree = "<group>"; };
		FE6155751DF4DC1A00BDDBE0 /* PomChat-Bridging-Header.h */ = {isa = PBXFileReference; lastKnownFileType = sourcecode.c.h; path = "PomChat-Bridging-Header.h"; sourceTree = "<group>"; };
		FE6155761DF4DC1B00BDDBE0 /* AAPLCameraViewController.h */ = {isa = PBXFileReference; fileEncoding = 4; lastKnownFileType = sourcecode.c.h; path = AAPLCameraViewController.h; sourceTree = "<group>"; };
		FE6155771DF4DC1B00BDDBE0 /* AAPLCameraViewController.m */ = {isa = PBXFileReference; fileEncoding = 4; lastKnownFileType = sourcecode.c.objc; path = AAPLCameraViewController.m; sourceTree = "<group>"; };
		FE6155781DF4DC1B00BDDBE0 /* AAPLPreviewView.h */ = {isa = PBXFileReference; fileEncoding = 4; lastKnownFileType = sourcecode.c.h; path = AAPLPreviewView.h; sourceTree = "<group>"; };
		FE6155791DF4DC1B00BDDBE0 /* AAPLPreviewView.m */ = {isa = PBXFileReference; fileEncoding = 4; lastKnownFileType = sourcecode.c.objc; path = AAPLPreviewView.m; sourceTree = "<group>"; };
		FE61557C1DF4DDC200BDDBE0 /* AAPLCameraVCDelegate.h */ = {isa = PBXFileReference; fileEncoding = 4; lastKnownFileType = sourcecode.c.h; path = AAPLCameraVCDelegate.h; sourceTree = "<group>"; };
/* End PBXFileReference section */

/* Begin PBXFrameworksBuildPhase section */
		FE6155571DF4D3A900BDDBE0 /* Frameworks */ = {
			isa = PBXFrameworksBuildPhase;
			buildActionMask = 2147483647;
			files = (
			);
			runOnlyForDeploymentPostprocessing = 0;
		};
/* End PBXFrameworksBuildPhase section */

/* Begin PBXGroup section */
		FE6155511DF4D3A900BDDBE0 = {
			isa = PBXGroup;
			children = (
				FE61555C1DF4D3A900BDDBE0 /* PomChat */,
				FE61555B1DF4D3A900BDDBE0 /* Products */,
			);
			sourceTree = "<group>";
		};
		FE61555B1DF4D3A900BDDBE0 /* Products */ = {
			isa = PBXGroup;
			children = (
				FE61555A1DF4D3A900BDDBE0 /* PomChat.app */,
			);
			name = Products;
			sourceTree = "<group>";
		};
		FE61555C1DF4D3A900BDDBE0 /* PomChat */ = {
			isa = PBXGroup;
			children = (
				FE6155741DF4D8EE00BDDBE0 /* Controller */,
				FE6155731DF4D8E800BDDBE0 /* View */,
				FE61555D1DF4D3A900BDDBE0 /* AppDelegate.swift */,
				FE6155611DF4D3A900BDDBE0 /* Main.storyboard */,
				FE6155641DF4D3A900BDDBE0 /* Assets.xcassets */,
				FE6155661DF4D3A900BDDBE0 /* LaunchScreen.storyboard */,
				FE6155691DF4D3A900BDDBE0 /* Info.plist */,
				FE6155751DF4DC1A00BDDBE0 /* PomChat-Bridging-Header.h */,
			);
			path = PomChat;
			sourceTree = "<group>";
		};
		FE6155731DF4D8E800BDDBE0 /* View */ = {
			isa = PBXGroup;
			children = (
				FE6155781DF4DC1B00BDDBE0 /* AAPLPreviewView.h */,
				FE6155791DF4DC1B00BDDBE0 /* AAPLPreviewView.m */,
			);
			name = View;
			sourceTree = "<group>";
		};
		FE6155741DF4D8EE00BDDBE0 /* Controller */ = {
			isa = PBXGroup;
			children = (
				FE61555F1DF4D3A900BDDBE0 /* CameraVC.swift */,
				FE6155761DF4DC1B00BDDBE0 /* AAPLCameraViewController.h */,
				FE61557C1DF4DDC200BDDBE0 /* AAPLCameraVCDelegate.h */,
				FE6155771DF4DC1B00BDDBE0 /* AAPLCameraViewController.m */,
			);
			name = Controller;
			sourceTree = "<group>";
		};
/* End PBXGroup section */

/* Begin PBXNativeTarget section */
		FE6155591DF4D3A900BDDBE0 /* PomChat */ = {
			isa = PBXNativeTarget;
			buildConfigurationList = FE61556C1DF4D3A900BDDBE0 /* Build configuration list for PBXNativeTarget "PomChat" */;
			buildPhases = (
				FE6155561DF4D3A900BDDBE0 /* Sources */,
				FE6155571DF4D3A900BDDBE0 /* Frameworks */,
				FE6155581DF4D3A900BDDBE0 /* Resources */,
			);
			buildRules = (
			);
			dependencies = (
			);
			name = PomChat;
			productName = PomChat;
			productReference = FE61555A1DF4D3A900BDDBE0 /* PomChat.app */;
			productType = "com.apple.product-type.application";
		};
/* End PBXNativeTarget section */

/* Begin PBXProject section */
		FE6155521DF4D3A900BDDBE0 /* Project object */ = {
			isa = PBXProject;
			attributes = {
				LastSwiftUpdateCheck = 0810;
				LastUpgradeCheck = 0810;
				ORGANIZATIONNAME = PomHaffs;
				TargetAttributes = {
					FE6155591DF4D3A900BDDBE0 = {
						CreatedOnToolsVersion = 8.1;
						DevelopmentTeam = 37N4597A88;
						LastSwiftMigration = 0810;
						ProvisioningStyle = Automatic;
					};
				};
			};
			buildConfigurationList = FE6155551DF4D3A900BDDBE0 /* Build configuration list for PBXProject "PomChat" */;
			compatibilityVersion = "Xcode 3.2";
			developmentRegion = English;
			hasScannedForEncodings = 0;
			knownRegions = (
				en,
				Base,
			);
			mainGroup = FE6155511DF4D3A900BDDBE0;
			productRefGroup = FE61555B1DF4D3A900BDDBE0 /* Products */;
			projectDirPath = "";
			projectRoot = "";
			targets = (
				FE6155591DF4D3A900BDDBE0 /* PomChat */,
			);
		};
/* End PBXProject section */

/* Begin PBXResourcesBuildPhase section */
		FE6155581DF4D3A900BDDBE0 /* Resources */ = {
			isa = PBXResourcesBuildPhase;
			buildActionMask = 2147483647;
			files = (
				FE6155681DF4D3A900BDDBE0 /* LaunchScreen.storyboard in Resources */,
				FE6155651DF4D3A900BDDBE0 /* Assets.xcassets in Resources */,
				FE6155631DF4D3A900BDDBE0 /* Main.storyboard in Resources */,
			);
			runOnlyForDeploymentPostprocessing = 0;
		};
/* End PBXResourcesBuildPhase section */

/* Begin PBXSourcesBuildPhase section */
		FE6155561DF4D3A900BDDBE0 /* Sources */ = {
			isa = PBXSourcesBuildPhase;
			buildActionMask = 2147483647;
			files = (
				FE6155601DF4D3A900BDDBE0 /* CameraVC.swift in Sources */,
				FE61555E1DF4D3A900BDDBE0 /* AppDelegate.swift in Sources */,
				FE61557A1DF4DC1B00BDDBE0 /* AAPLCameraViewController.m in Sources */,
				FE61557B1DF4DC1B00BDDBE0 /* AAPLPreviewView.m in Sources */,
			);
			runOnlyForDeploymentPostprocessing = 0;
		};
/* End PBXSourcesBuildPhase section */

/* Begin PBXVariantGroup section */
		FE6155611DF4D3A900BDDBE0 /* Main.storyboard */ = {
			isa = PBXVariantGroup;
			children = (
				FE6155621DF4D3A900BDDBE0 /* Base */,
			);
			name = Main.storyboard;
			sourceTree = "<group>";
		};
		FE6155661DF4D3A900BDDBE0 /* LaunchScreen.storyboard */ = {
			isa = PBXVariantGroup;
			children = (
				FE6155671DF4D3A900BDDBE0 /* Base */,
			);
			name = LaunchScreen.storyboard;
			sourceTree = "<group>";
		};
/* End PBXVariantGroup section */

/* Begin XCBuildConfiguration section */
		FE61556A1DF4D3A900BDDBE0 /* Debug */ = {
			isa = XCBuildConfiguration;
			buildSettings = {
				ALWAYS_SEARCH_USER_PATHS = NO;
				CLANG_ANALYZER_NONNULL = YES;
				CLANG_CXX_LANGUAGE_STANDARD = "gnu++0x";
				CLANG_CXX_LIBRARY = "libc++";
				CLANG_ENABLE_MODULES = YES;
				CLANG_ENABLE_OBJC_ARC = YES;
				CLANG_WARN_BOOL_CONVERSION = YES;
				CLANG_WARN_CONSTANT_CONVERSION = YES;
				CLANG_WARN_DIRECT_OBJC_ISA_USAGE = YES_ERROR;
				CLANG_WARN_DOCUMENTATION_COMMENTS = YES;
				CLANG_WARN_EMPTY_BODY = YES;
				CLANG_WARN_ENUM_CONVERSION = YES;
				CLANG_WARN_INFINITE_RECURSION = YES;
				CLANG_WARN_INT_CONVERSION = YES;
				CLANG_WARN_OBJC_ROOT_CLASS = YES_ERROR;
				CLANG_WARN_SUSPICIOUS_MOVES = YES;
				CLANG_WARN_UNREACHABLE_CODE = YES;
				CLANG_WARN__DUPLICATE_METHOD_MATCH = YES;
				"CODE_SIGN_IDENTITY[sdk=iphoneos*]" = "iPhone Developer";
				COPY_PHASE_STRIP = NO;
				DEBUG_INFORMATION_FORMAT = dwarf;
				ENABLE_STRICT_OBJC_MSGSEND = YES;
				ENABLE_TESTABILITY = YES;
				GCC_C_LANGUAGE_STANDARD = gnu99;
				GCC_DYNAMIC_NO_PIC = NO;
				GCC_NO_COMMON_BLOCKS = YES;
				GCC_OPTIMIZATION_LEVEL = 0;
				GCC_PREPROCESSOR_DEFINITIONS = (
					"DEBUG=1",
					"$(inherited)",
				);
				GCC_WARN_64_TO_32_BIT_CONVERSION = YES;
				GCC_WARN_ABOUT_RETURN_TYPE = YES_ERROR;
				GCC_WARN_UNDECLARED_SELECTOR = YES;
				GCC_WARN_UNINITIALIZED_AUTOS = YES_AGGRESSIVE;
				GCC_WARN_UNUSED_FUNCTION = YES;
				GCC_WARN_UNUSED_VARIABLE = YES;
				IPHONEOS_DEPLOYMENT_TARGET = 10.1;
				MTL_ENABLE_DEBUG_INFO = YES;
				ONLY_ACTIVE_ARCH = YES;
				SDKROOT = iphoneos;
				SWIFT_ACTIVE_COMPILATION_CONDITIONS = DEBUG;
				SWIFT_OPTIMIZATION_LEVEL = "-Onone";
				TARGETED_DEVICE_FAMILY = "1,2";
			};
			name = Debug;
		};
		FE61556B1DF4D3A900BDDBE0 /* Release */ = {
			isa = XCBuildConfiguration;
			buildSettings = {
				ALWAYS_SEARCH_USER_PATHS = NO;
				CLANG_ANALYZER_NONNULL = YES;
				CLANG_CXX_LANGUAGE_STANDARD = "gnu++0x";
				CLANG_CXX_LIBRARY = "libc++";
				CLANG_ENABLE_MODULES = YES;
				CLANG_ENABLE_OBJC_ARC = YES;
				CLANG_WARN_BOOL_CONVERSION = YES;
				CLANG_WARN_CONSTANT_CONVERSION = YES;
				CLANG_WARN_DIRECT_OBJC_ISA_USAGE = YES_ERROR;
				CLANG_WARN_DOCUMENTATION_COMMENTS = YES;
				CLANG_WARN_EMPTY_BODY = YES;
				CLANG_WARN_ENUM_CONVERSION = YES;
				CLANG_WARN_INFINITE_RECURSION = YES;
				CLANG_WARN_INT_CONVERSION = YES;
				CLANG_WARN_OBJC_ROOT_CLASS = YES_ERROR;
				CLANG_WARN_SUSPICIOUS_MOVES = YES;
				CLANG_WARN_UNREACHABLE_CODE = YES;
				CLANG_WARN__DUPLICATE_METHOD_MATCH = YES;
				"CODE_SIGN_IDENTITY[sdk=iphoneos*]" = "iPhone Developer";
				COPY_PHASE_STRIP = NO;
				DEBUG_INFORMATION_FORMAT = "dwarf-with-dsym";
				ENABLE_NS_ASSERTIONS = NO;
				ENABLE_STRICT_OBJC_MSGSEND = YES;
				GCC_C_LANGUAGE_STANDARD = gnu99;
				GCC_NO_COMMON_BLOCKS = YES;
				GCC_WARN_64_TO_32_BIT_CONVERSION = YES;
				GCC_WARN_ABOUT_RETURN_TYPE = YES_ERROR;
				GCC_WARN_UNDECLARED_SELECTOR = YES;
				GCC_WARN_UNINITIALIZED_AUTOS = YES_AGGRESSIVE;
				GCC_WARN_UNUSED_FUNCTION = YES;
				GCC_WARN_UNUSED_VARIABLE = YES;
				IPHONEOS_DEPLOYMENT_TARGET = 10.1;
				MTL_ENABLE_DEBUG_INFO = NO;
				SDKROOT = iphoneos;
				SWIFT_OPTIMIZATION_LEVEL = "-Owholemodule";
				TARGETED_DEVICE_FAMILY = "1,2";
				VALIDATE_PRODUCT = YES;
			};
			name = Release;
		};
		FE61556D1DF4D3A900BDDBE0 /* Debug */ = {
			isa = XCBuildConfiguration;
			buildSettings = {
				ASSETCATALOG_COMPILER_APPICON_NAME = AppIcon;
				CLANG_ENABLE_MODULES = YES;
				DEVELOPMENT_TEAM = 37N4597A88;
				INFOPLIST_FILE = PomChat/Info.plist;
				IPHONEOS_DEPLOYMENT_TARGET = 9.0;
				LD_RUNPATH_SEARCH_PATHS = "$(inherited) @executable_path/Frameworks";
				PRODUCT_BUNDLE_IDENTIFIER = PomHaffs.PomChat;
				PRODUCT_NAME = "$(TARGET_NAME)";
				SWIFT_OBJC_BRIDGING_HEADER = "PomChat/PomChat-Bridging-Header.h";
				SWIFT_OPTIMIZATION_LEVEL = "-Onone";
				SWIFT_VERSION = 3.0;
			};
			name = Debug;
		};
		FE61556E1DF4D3A900BDDBE0 /* Release */ = {
			isa = XCBuildConfiguration;
			buildSettings = {
				ASSETCATALOG_COMPILER_APPICON_NAME = AppIcon;
				CLANG_ENABLE_MODULES = YES;
				DEVELOPMENT_TEAM = 37N4597A88;
				INFOPLIST_FILE = PomChat/Info.plist;
				IPHONEOS_DEPLOYMENT_TARGET = 9.0;
				LD_RUNPATH_SEARCH_PATHS = "$(inherited) @executable_path/Frameworks";
				PRODUCT_BUNDLE_IDENTIFIER = PomHaffs.PomChat;
				PRODUCT_NAME = "$(TARGET_NAME)";
				SWIFT_OBJC_BRIDGING_HEADER = "PomChat/PomChat-Bridging-Header.h";
				SWIFT_VERSION = 3.0;
			};
			name = Release;
		};
/* End XCBuildConfiguration section */

/* Begin XCConfigurationList section */
		FE6155551DF4D3A900BDDBE0 /* Build configuration list for PBXProject "PomChat" */ = {
			isa = XCConfigurationList;
			buildConfigurations = (
				FE61556A1DF4D3A900BDDBE0 /* Debug */,
				FE61556B1DF4D3A900BDDBE0 /* Release */,
			);
			defaultConfigurationIsVisible = 0;
			defaultConfigurationName = Release;
		};
		FE61556C1DF4D3A900BDDBE0 /* Build configuration list for PBXNativeTarget "PomChat" */ = {
			isa = XCConfigurationList;
			buildConfigurations = (
				FE61556D1DF4D3A900BDDBE0 /* Debug */,
				FE61556E1DF4D3A900BDDBE0 /* Release */,
			);
			defaultConfigurationIsVisible = 0;
		};
/* End XCConfigurationList section */
	};
	rootObject = FE6155521DF4D3A900BDDBE0 /* Project object */;
}
